
Microsoft Visual Studio Solution File, Format Version 12.00
# Visual Studio Version 17
VisualStudioVersion = 17.9.34622.214
MinimumVisualStudioVersion = 10.0.40219.1
Project("{9A19103F-16F7-4668-BE54-9A1E7A4F7556}") = "Types", "Types\Types.csproj", "{88F5EDEC-BDCC-420B-B269-3CAE52E06B2C}"
EndProject
Project("{9A19103F-16F7-4668-BE54-9A1E7A4F7556}") = "Decode", "Decode\Decode.csproj", "{B7D0C4E9-FB0F-4431-BA70-4C8A4936AD1C}"
EndProject
Project("{9A19103F-16F7-4668-BE54-9A1E7A4F7556}") = "DecodeTest", "DecodeTest\DecodeTest.csproj", "{0FEF60BB-5A34-45CE-93F1-B0FE3C8B708F}"
EndProject
Project("{9A19103F-16F7-4668-BE54-9A1E7A4F7556}") = "DecodePerfToJson", "DecodePerfToJson\DecodePerfToJson.csproj", "{312CAED2-D193-45EB-AE79-30F563C2D319}"
EndProject
Project("{2150E333-8FDC-42A3-9474-1A3956D46DE8}") = "Solution Items", "Solution Items", "{E801E2DB-6215-4552-B70D-53005449B7E1}"
	ProjectSection(SolutionItems) = preProject
		Common.proj = Common.proj
		README.md = README.md
	EndProjectSection
EndProject
Project("{9A19103F-16F7-4668-BE54-9A1E7A4F7556}") = "DecodeSample", "DecodeSample\DecodeSample.csproj", "{F0A5B56F-16A7-4151-9A19-26BD20DA8D5D}"
EndProject
Project("{911E67C6-3D85-4FCE-B560-20A9C3E3FF48}") = "wpa", "C:\Program Files (x86)\Windows Kits\10\Windows Performance Toolkit\wpa.exe", "{D31B2680-10FB-4E19-A6AC-91A4A02601C4}"
	ProjectSection(DebuggerProjectSystem) = preProject
		PortSupplier = 00000000-0000-0000-0000-000000000000
		Executable = E:\latest\wpa.exe
		RemoteMachine = DCOOK2
		StartingDirectory = E:\repos\LinuxTracepoints-Net\bin\
		Arguments = -nodefault -addsearchdir E:\repos\LinuxTracepoints-Net\bin\Debug
		Environment = Default
		LaunchingEngine = 2e36f1d4-b23c-435d-ab41-18e608940038
		UseLegacyDebugEngines = No
		LaunchSQLEngine = No
		AttachLaunchAction = No
		IORedirection = Auto
	EndProjectSection
EndProject
Global
	GlobalSection(SolutionConfigurationPlatforms) = preSolution
		Debug|Any CPU = Debug|Any CPU
		Release|Any CPU = Release|Any CPU
	EndGlobalSection
	GlobalSection(ProjectConfigurationPlatforms) = postSolution
		{88F5EDEC-BDCC-420B-B269-3CAE52E06B2C}.Debug|Any CPU.ActiveCfg = Debug|Any CPU
		{88F5EDEC-BDCC-420B-B269-3CAE52E06B2C}.Debug|Any CPU.Build.0 = Debug|Any CPU
		{88F5EDEC-BDCC-420B-B269-3CAE52E06B2C}.Release|Any CPU.ActiveCfg = Release|Any CPU
		{88F5EDEC-BDCC-420B-B269-3CAE52E06B2C}.Release|Any CPU.Build.0 = Release|Any CPU
		{B7D0C4E9-FB0F-4431-BA70-4C8A4936AD1C}.Debug|Any CPU.ActiveCfg = Debug|Any CPU
		{B7D0C4E9-FB0F-4431-BA70-4C8A4936AD1C}.Debug|Any CPU.Build.0 = Debug|Any CPU
		{B7D0C4E9-FB0F-4431-BA70-4C8A4936AD1C}.Release|Any CPU.ActiveCfg = Release|Any CPU
		{B7D0C4E9-FB0F-4431-BA70-4C8A4936AD1C}.Release|Any CPU.Build.0 = Release|Any CPU
		{0FEF60BB-5A34-45CE-93F1-B0FE3C8B708F}.Debug|Any CPU.ActiveCfg = Debug|Any CPU
		{0FEF60BB-5A34-45CE-93F1-B0FE3C8B708F}.Debug|Any CPU.Build.0 = Debug|Any CPU
		{0FEF60BB-5A34-45CE-93F1-B0FE3C8B708F}.Release|Any CPU.ActiveCfg = Release|Any CPU
		{0FEF60BB-5A34-45CE-93F1-B0FE3C8B708F}.Release|Any CPU.Build.0 = Release|Any CPU
		{312CAED2-D193-45EB-AE79-30F563C2D319}.Debug|Any CPU.ActiveCfg = Debug|Any CPU
		{312CAED2-D193-45EB-AE79-30F563C2D319}.Debug|Any CPU.Build.0 = Debug|Any CPU
		{312CAED2-D193-45EB-AE79-30F563C2D319}.Release|Any CPU.ActiveCfg = Release|Any CPU
		{312CAED2-D193-45EB-AE79-30F563C2D319}.Release|Any CPU.Build.0 = Release|Any CPU
		{F0A5B56F-16A7-4151-9A19-26BD20DA8D5D}.Debug|Any CPU.ActiveCfg = Debug|Any CPU
		{F0A5B56F-16A7-4151-9A19-26BD20DA8D5D}.Debug|Any CPU.Build.0 = Debug|Any CPU
		{F0A5B56F-16A7-4151-9A19-26BD20DA8D5D}.Release|Any CPU.ActiveCfg = Release|Any CPU
		{F0A5B56F-16A7-4151-9A19-26BD20DA8D5D}.Release|Any CPU.Build.0 = Release|Any CPU
		{D31B2680-10FB-4E19-A6AC-91A4A02601C4}.Debug|Any CPU.ActiveCfg = Release|Any CPU
		{D31B2680-10FB-4E19-A6AC-91A4A02601C4}.Release|Any CPU.ActiveCfg = Release|Any CPU
	EndGlobalSection
	GlobalSection(SolutionProperties) = preSolution
		HideSolutionNode = FALSE
	EndGlobalSection
	GlobalSection(ExtensibilityGlobals) = postSolution
		SolutionGuid = {53CDCDC6-8E5D-4C4D-A328-06B530359066}
	EndGlobalSection
EndGlobal
